
Microsoft Visual Studio Solution File, Format Version 12.00
# Visual Studio Version 17
VisualStudioVersion = 17.4.33213.308
MinimumVisualStudioVersion = 10.0.40219.1
Project("{FAE04EC0-301F-11D3-BF4B-00C04F79EFBC}") = "Polymorphisum", "Polymorphisum\Polymorphisum.csproj", "{8EAF23C1-72B4-433E-9647-D48FD77AA4F9}"
EndProject
Global
	GlobalSection(SolutionConfigurationPlatforms) = preSolution
		Debug|Any CPU = Debug|Any CPU
		Release|Any CPU = Release|Any CPU
	EndGlobalSection
	GlobalSection(ProjectConfigurationPlatforms) = postSolution
		{8EAF23C1-72B4-433E-9647-D48FD77AA4F9}.Debug|Any CPU.ActiveCfg = Debug|Any CPU
		{8EAF23C1-72B4-433E-9647-D48FD77AA4F9}.Debug|Any CPU.Build.0 = Debug|Any CPU
		{8EAF23C1-72B4-433E-9647-D48FD77AA4F9}.Release|Any CPU.ActiveCfg = Release|Any CPU
		{8EAF23C1-72B4-433E-9647-D48FD77AA4F9}.Release|Any CPU.Build.0 = Release|Any CPU
	EndGlobalSection
	GlobalSection(SolutionProperties) = preSolution
		HideSolutionNode = FALSE
	EndGlobalSection
	GlobalSection(ExtensibilityGlobals) = postSolution
		SolutionGuid = {711CDDE4-6FC1-4A1A-A7E6-30AB48A79194}
	EndGlobalSection
EndGlobal
